# THIS IS AN AUTOGENERATED FILE. DO NOT EDIT THIS FILE DIRECTLY.
# yarn lockfile v1


esm@^3.2.22:
  version "3.2.22"
  resolved "https://registry.yarnpkg.com/esm/-/esm-3.2.22.tgz#5062c2e22fee3ccfee4e8f20da768330da90d6e3"
  integrity sha512-z8YG7U44L82j1XrdEJcqZOLUnjxco8pO453gKOlaMD1/md1n/5QrscAmYG+oKUspsmDLuBFZrpbxI6aQ67yRxA==

luxon@^1.12.0:
  version "1.12.0"
  resolved "https://registry.yarnpkg.com/luxon/-/luxon-1.12.0.tgz#d02d53c8d8aaebe6b4c00ba1ce1be3913546b2e7"
  integrity sha512-enPnPIHd5ZnZT0vpj9Xv8aq4j0yueAkhnh4xUKUHpqlgSm1r/8s6xTMjfyp2ugOWP7zivqJqgVTkW+rpHed61w==
